
Microsoft Visual Studio Solution File, Format Version 12.00
# Visual Studio 2013
VisualStudioVersion = 12.0.21005.1
MinimumVisualStudioVersion = 10.0.40219.1
Project("{FAE04EC0-301F-11D3-BF4B-00C04F79EFBC}") = "TripCalculator", "TripCalculator\TripCalculator.csproj", "{B8593168-D7A1-4491-8AC0-EC4F75B1F34B}"
EndProject
Project("{FAE04EC0-301F-11D3-BF4B-00C04F79EFBC}") = "Calculator.Test", "Calculator.Test\Calculator.Test.csproj", "{70280A08-B5B1-46CE-9E82-7F98F0AFCA83}"
EndProject
Global
	GlobalSection(SolutionConfigurationPlatforms) = preSolution
		Debug|Any CPU = Debug|Any CPU
		Release|Any CPU = Release|Any CPU
	EndGlobalSection
	GlobalSection(ProjectConfigurationPlatforms) = postSolution
		{B8593168-D7A1-4491-8AC0-EC4F75B1F34B}.Debug|Any CPU.ActiveCfg = Debug|Any CPU
		{B8593168-D7A1-4491-8AC0-EC4F75B1F34B}.Debug|Any CPU.Build.0 = Debug|Any CPU
		{B8593168-D7A1-4491-8AC0-EC4F75B1F34B}.Release|Any CPU.ActiveCfg = Release|Any CPU
		{B8593168-D7A1-4491-8AC0-EC4F75B1F34B}.Release|Any CPU.Build.0 = Release|Any CPU
		{70280A08-B5B1-46CE-9E82-7F98F0AFCA83}.Debug|Any CPU.ActiveCfg = Debug|Any CPU
		{70280A08-B5B1-46CE-9E82-7F98F0AFCA83}.Debug|Any CPU.Build.0 = Debug|Any CPU
		{70280A08-B5B1-46CE-9E82-7F98F0AFCA83}.Release|Any CPU.ActiveCfg = Release|Any CPU
		{70280A08-B5B1-46CE-9E82-7F98F0AFCA83}.Release|Any CPU.Build.0 = Release|Any CPU
	EndGlobalSection
	GlobalSection(SolutionProperties) = preSolution
		HideSolutionNode = FALSE
	EndGlobalSection
EndGlobal
